
Microsoft Visual Studio Solution File, Format Version 12.00
# Visual Studio Version 17
VisualStudioVersion = 17.13.35931.197
MinimumVisualStudioVersion = 10.0.40219.1
Project("{2150E333-8FDC-42A3-9474-1A3956D46DE8}") = "Aspire", "Aspire", "{02EA681E-C7D8-13C7-8484-4AC65E1B71E8}"
EndProject
Project("{FAE04EC0-301F-11D3-BF4B-00C04F79EFBC}") = "Briefly.Aspire", "Briefly.Aspire\Briefly.Aspire.csproj", "{9893D9FB-48F0-4CDA-8B62-0B7B6ADE663B}"
EndProject
Project("{2150E333-8FDC-42A3-9474-1A3956D46DE8}") = "api", "api", "{9A1229CB-6E00-452F-863A-E724B4ED757D}"
EndProject
Project("{2150E333-8FDC-42A3-9474-1A3956D46DE8}") = "app", "app", "{2BB1790D-C3C7-4A45-80E8-E5FB24179477}"
EndProject
Project("{FAE04EC0-301F-11D3-BF4B-00C04F79EFBC}") = "Briefly.Server", "api\Briefly.Server\Briefly.Server.csproj", "{400AB511-23E2-1A98-F412-A448F24CD791}"
EndProject
Project("{FAE04EC0-301F-11D3-BF4B-00C04F79EFBC}") = "Briefly.Infrastructure", "api\Briefly.Infrastructure\Briefly.Infrastructure.csproj", "{D7E075E1-70E7-4B3D-9907-05B82F155FC4}"
EndProject
Project("{2150E333-8FDC-42A3-9474-1A3956D46DE8}") = "modules", "modules", "{2D7881DE-0FEC-40FB-8872-91DE770379D8}"
EndProject
Project("{FAE04EC0-301F-11D3-BF4B-00C04F79EFBC}") = "Notes.Domain", "modules\Notes\Notes.Domain\Notes.Domain.csproj", "{379FCFA9-FC0C-4AB1-BE14-638BC8A24DBB}"
EndProject
Project("{FAE04EC0-301F-11D3-BF4B-00C04F79EFBC}") = "Notes.Application", "modules\Notes\Notes.Application\Notes.Application.csproj", "{3435C395-66FB-4A1E-8B5A-662B6AC89C1A}"
EndProject
Project("{FAE04EC0-301F-11D3-BF4B-00C04F79EFBC}") = "Notes.Infrastructure", "modules\Notes\Notes.Infrastructure\Notes.Infrastructure.csproj", "{C39CDFF5-DDA6-49E6-A11A-E84EEFB60AB5}"
EndProject
Project("{FAE04EC0-301F-11D3-BF4B-00C04F79EFBC}") = "Briefly.Core", "api\Briefly.Core\Briefly.Core.csproj", "{01F80011-B1AF-460D-A247-A5AE09B4A2F2}"
EndProject
Project("{FAE04EC0-301F-11D3-BF4B-00C04F79EFBC}") = "Shared", "Shared\Shared.csproj", "{25FF3BEF-E018-4E42-B2EA-B8FC6EB15BB2}"
EndProject
Project("{2150E333-8FDC-42A3-9474-1A3956D46DE8}") = "Notes", "Notes", "{7C1C3E2D-3DAE-49E4-AE35-FB21642F6BB4}"
EndProject
Project("{2150E333-8FDC-42A3-9474-1A3956D46DE8}") = "migrations", "migrations", "{BDE90B55-8A0E-4DF2-B4A0-D637D1CFC9F9}"
EndProject
Project("{FAE04EC0-301F-11D3-BF4B-00C04F79EFBC}") = "Briefly.Migrations", "migrations\Briefly.Migrations\Briefly.Migrations.csproj", "{3FEFA5BC-625D-4DE6-984E-4CE05F0AD4C9}"
EndProject
Project("{2150E333-8FDC-42A3-9474-1A3956D46DE8}") = "docs", "docs", "{F7C35FFC-D20A-4063-9EA8-C2A8A3E2136B}"
	ProjectSection(SolutionItems) = preProject
		info.md = info.md
	EndProjectSection
EndProject
Global
	GlobalSection(SolutionConfigurationPlatforms) = preSolution
		Debug|Any CPU = Debug|Any CPU
		Release|Any CPU = Release|Any CPU
	EndGlobalSection
	GlobalSection(ProjectConfigurationPlatforms) = postSolution
		{9893D9FB-48F0-4CDA-8B62-0B7B6ADE663B}.Debug|Any CPU.ActiveCfg = Debug|Any CPU
		{9893D9FB-48F0-4CDA-8B62-0B7B6ADE663B}.Debug|Any CPU.Build.0 = Debug|Any CPU
		{9893D9FB-48F0-4CDA-8B62-0B7B6ADE663B}.Release|Any CPU.ActiveCfg = Release|Any CPU
		{9893D9FB-48F0-4CDA-8B62-0B7B6ADE663B}.Release|Any CPU.Build.0 = Release|Any CPU
		{400AB511-23E2-1A98-F412-A448F24CD791}.Debug|Any CPU.ActiveCfg = Debug|Any CPU
		{400AB511-23E2-1A98-F412-A448F24CD791}.Debug|Any CPU.Build.0 = Debug|Any CPU
		{400AB511-23E2-1A98-F412-A448F24CD791}.Release|Any CPU.ActiveCfg = Release|Any CPU
		{400AB511-23E2-1A98-F412-A448F24CD791}.Release|Any CPU.Build.0 = Release|Any CPU
		{D7E075E1-70E7-4B3D-9907-05B82F155FC4}.Debug|Any CPU.ActiveCfg = Debug|Any CPU
		{D7E075E1-70E7-4B3D-9907-05B82F155FC4}.Debug|Any CPU.Build.0 = Debug|Any CPU
		{D7E075E1-70E7-4B3D-9907-05B82F155FC4}.Release|Any CPU.ActiveCfg = Release|Any CPU
		{D7E075E1-70E7-4B3D-9907-05B82F155FC4}.Release|Any CPU.Build.0 = Release|Any CPU
		{379FCFA9-FC0C-4AB1-BE14-638BC8A24DBB}.Debug|Any CPU.ActiveCfg = Debug|Any CPU
		{379FCFA9-FC0C-4AB1-BE14-638BC8A24DBB}.Debug|Any CPU.Build.0 = Debug|Any CPU
		{379FCFA9-FC0C-4AB1-BE14-638BC8A24DBB}.Release|Any CPU.ActiveCfg = Release|Any CPU
		{379FCFA9-FC0C-4AB1-BE14-638BC8A24DBB}.Release|Any CPU.Build.0 = Release|Any CPU
		{3435C395-66FB-4A1E-8B5A-662B6AC89C1A}.Debug|Any CPU.ActiveCfg = Debug|Any CPU
		{3435C395-66FB-4A1E-8B5A-662B6AC89C1A}.Debug|Any CPU.Build.0 = Debug|Any CPU
		{3435C395-66FB-4A1E-8B5A-662B6AC89C1A}.Release|Any CPU.ActiveCfg = Release|Any CPU
		{3435C395-66FB-4A1E-8B5A-662B6AC89C1A}.Release|Any CPU.Build.0 = Release|Any CPU
		{C39CDFF5-DDA6-49E6-A11A-E84EEFB60AB5}.Debug|Any CPU.ActiveCfg = Debug|Any CPU
		{C39CDFF5-DDA6-49E6-A11A-E84EEFB60AB5}.Debug|Any CPU.Build.0 = Debug|Any CPU
		{C39CDFF5-DDA6-49E6-A11A-E84EEFB60AB5}.Release|Any CPU.ActiveCfg = Release|Any CPU
		{C39CDFF5-DDA6-49E6-A11A-E84EEFB60AB5}.Release|Any CPU.Build.0 = Release|Any CPU
		{01F80011-B1AF-460D-A247-A5AE09B4A2F2}.Debug|Any CPU.ActiveCfg = Debug|Any CPU
		{01F80011-B1AF-460D-A247-A5AE09B4A2F2}.Debug|Any CPU.Build.0 = Debug|Any CPU
		{01F80011-B1AF-460D-A247-A5AE09B4A2F2}.Release|Any CPU.ActiveCfg = Release|Any CPU
		{01F80011-B1AF-460D-A247-A5AE09B4A2F2}.Release|Any CPU.Build.0 = Release|Any CPU
		{25FF3BEF-E018-4E42-B2EA-B8FC6EB15BB2}.Debug|Any CPU.ActiveCfg = Debug|Any CPU
		{25FF3BEF-E018-4E42-B2EA-B8FC6EB15BB2}.Debug|Any CPU.Build.0 = Debug|Any CPU
		{25FF3BEF-E018-4E42-B2EA-B8FC6EB15BB2}.Release|Any CPU.ActiveCfg = Release|Any CPU
		{25FF3BEF-E018-4E42-B2EA-B8FC6EB15BB2}.Release|Any CPU.Build.0 = Release|Any CPU
		{3FEFA5BC-625D-4DE6-984E-4CE05F0AD4C9}.Debug|Any CPU.ActiveCfg = Debug|Any CPU
		{3FEFA5BC-625D-4DE6-984E-4CE05F0AD4C9}.Debug|Any CPU.Build.0 = Debug|Any CPU
		{3FEFA5BC-625D-4DE6-984E-4CE05F0AD4C9}.Release|Any CPU.ActiveCfg = Release|Any CPU
		{3FEFA5BC-625D-4DE6-984E-4CE05F0AD4C9}.Release|Any CPU.Build.0 = Release|Any CPU
	EndGlobalSection
	GlobalSection(SolutionProperties) = preSolution
		HideSolutionNode = FALSE
	EndGlobalSection
	GlobalSection(NestedProjects) = preSolution
		{9893D9FB-48F0-4CDA-8B62-0B7B6ADE663B} = {02EA681E-C7D8-13C7-8484-4AC65E1B71E8}
		{400AB511-23E2-1A98-F412-A448F24CD791} = {9A1229CB-6E00-452F-863A-E724B4ED757D}
		{D7E075E1-70E7-4B3D-9907-05B82F155FC4} = {9A1229CB-6E00-452F-863A-E724B4ED757D}
		{379FCFA9-FC0C-4AB1-BE14-638BC8A24DBB} = {7C1C3E2D-3DAE-49E4-AE35-FB21642F6BB4}
		{3435C395-66FB-4A1E-8B5A-662B6AC89C1A} = {7C1C3E2D-3DAE-49E4-AE35-FB21642F6BB4}
		{C39CDFF5-DDA6-49E6-A11A-E84EEFB60AB5} = {7C1C3E2D-3DAE-49E4-AE35-FB21642F6BB4}
		{01F80011-B1AF-460D-A247-A5AE09B4A2F2} = {9A1229CB-6E00-452F-863A-E724B4ED757D}
		{7C1C3E2D-3DAE-49E4-AE35-FB21642F6BB4} = {2D7881DE-0FEC-40FB-8872-91DE770379D8}
		{3FEFA5BC-625D-4DE6-984E-4CE05F0AD4C9} = {BDE90B55-8A0E-4DF2-B4A0-D637D1CFC9F9}
	EndGlobalSection
	GlobalSection(ExtensibilityGlobals) = postSolution
		SolutionGuid = {9209C87A-EA86-4A28-AF6A-9FA591901F91}
	EndGlobalSection
EndGlobal
